
Microsoft Visual Studio Solution File, Format Version 12.00
# Visual Studio Version 16
VisualStudioVersion = 16.0.29613.14
MinimumVisualStudioVersion = 10.0.40219.1
Project("{FAE04EC0-301F-11D3-BF4B-00C04F79EFBC}") = "BattleMech.UWP", "BattleMech.UWP\BattleMech.UWP.csproj", "{6741800C-5FB6-4A29-AA17-64404AA32B6D}"
EndProject
Project("{FAE04EC0-301F-11D3-BF4B-00C04F79EFBC}") = "BattleMech.WebAPI", "BattleMech.WebAPI\BattleMech.WebAPI.csproj", "{0A6522C6-0D9D-4DDE-8DA6-54F6E6D98EDE}"
EndProject
Project("{FAE04EC0-301F-11D3-BF4B-00C04F79EFBC}") = "BattleMech.DataLayer.lib", "BattleMech.DataLayer.lib\BattleMech.DataLayer.lib.csproj", "{DC74879A-CBFA-4C69-8003-D03476D04172}"
EndProject
Project("{FAE04EC0-301F-11D3-BF4B-00C04F79EFBC}") = "BattleMech.lib", "BattleMech.lib\BattleMech.lib.csproj", "{F618D249-E66E-4F94-9DC5-F9ABD9FB4011}"
EndProject
Project("{FAE04EC0-301F-11D3-BF4B-00C04F79EFBC}") = "BattleMech.WebAPI.lib", "BattleMech.WebAPI.lib\BattleMech.WebAPI.lib.csproj", "{CDBCEB39-23D1-48AB-8C75-7BCF57BB552A}"
EndProject
Global
	GlobalSection(SolutionConfigurationPlatforms) = preSolution
		Debug|Any CPU = Debug|Any CPU
		Debug|ARM = Debug|ARM
		Debug|x64 = Debug|x64
		Debug|x86 = Debug|x86
		GameOnly|Any CPU = GameOnly|Any CPU
		GameOnly|ARM = GameOnly|ARM
		GameOnly|x64 = GameOnly|x64
		GameOnly|x86 = GameOnly|x86
		Release|Any CPU = Release|Any CPU
		Release|ARM = Release|ARM
		Release|x64 = Release|x64
		Release|x86 = Release|x86
	EndGlobalSection
	GlobalSection(ProjectConfigurationPlatforms) = postSolution
		{6741800C-5FB6-4A29-AA17-64404AA32B6D}.Debug|Any CPU.ActiveCfg = Debug|x86
		{6741800C-5FB6-4A29-AA17-64404AA32B6D}.Debug|Any CPU.Build.0 = Debug|x86
		{6741800C-5FB6-4A29-AA17-64404AA32B6D}.Debug|Any CPU.Deploy.0 = Debug|x86
		{6741800C-5FB6-4A29-AA17-64404AA32B6D}.Debug|ARM.ActiveCfg = Debug|ARM
		{6741800C-5FB6-4A29-AA17-64404AA32B6D}.Debug|ARM.Build.0 = Debug|ARM
		{6741800C-5FB6-4A29-AA17-64404AA32B6D}.Debug|ARM.Deploy.0 = Debug|ARM
		{6741800C-5FB6-4A29-AA17-64404AA32B6D}.Debug|x64.ActiveCfg = Debug|x64
		{6741800C-5FB6-4A29-AA17-64404AA32B6D}.Debug|x64.Build.0 = Debug|x64
		{6741800C-5FB6-4A29-AA17-64404AA32B6D}.Debug|x64.Deploy.0 = Debug|x64
		{6741800C-5FB6-4A29-AA17-64404AA32B6D}.Debug|x86.ActiveCfg = Debug|x86
		{6741800C-5FB6-4A29-AA17-64404AA32B6D}.Debug|x86.Build.0 = Debug|x86
		{6741800C-5FB6-4A29-AA17-64404AA32B6D}.Debug|x86.Deploy.0 = Debug|x86
		{6741800C-5FB6-4A29-AA17-64404AA32B6D}.GameOnly|Any CPU.ActiveCfg = GameOnly|x86
		{6741800C-5FB6-4A29-AA17-64404AA32B6D}.GameOnly|ARM.ActiveCfg = GameOnly|ARM
		{6741800C-5FB6-4A29-AA17-64404AA32B6D}.GameOnly|ARM.Build.0 = GameOnly|ARM
		{6741800C-5FB6-4A29-AA17-64404AA32B6D}.GameOnly|ARM.Deploy.0 = GameOnly|ARM
		{6741800C-5FB6-4A29-AA17-64404AA32B6D}.GameOnly|x64.ActiveCfg = GameOnly|x64
		{6741800C-5FB6-4A29-AA17-64404AA32B6D}.GameOnly|x64.Build.0 = GameOnly|x64
		{6741800C-5FB6-4A29-AA17-64404AA32B6D}.GameOnly|x64.Deploy.0 = GameOnly|x64
		{6741800C-5FB6-4A29-AA17-64404AA32B6D}.GameOnly|x86.ActiveCfg = GameOnly|x86
		{6741800C-5FB6-4A29-AA17-64404AA32B6D}.GameOnly|x86.Build.0 = GameOnly|x86
		{6741800C-5FB6-4A29-AA17-64404AA32B6D}.GameOnly|x86.Deploy.0 = GameOnly|x86
		{6741800C-5FB6-4A29-AA17-64404AA32B6D}.Release|Any CPU.ActiveCfg = Release|x86
		{6741800C-5FB6-4A29-AA17-64404AA32B6D}.Release|ARM.ActiveCfg = Release|ARM
		{6741800C-5FB6-4A29-AA17-64404AA32B6D}.Release|ARM.Build.0 = Release|ARM
		{6741800C-5FB6-4A29-AA17-64404AA32B6D}.Release|ARM.Deploy.0 = Release|ARM
		{6741800C-5FB6-4A29-AA17-64404AA32B6D}.Release|x64.ActiveCfg = Release|x64
		{6741800C-5FB6-4A29-AA17-64404AA32B6D}.Release|x64.Build.0 = Release|x64
		{6741800C-5FB6-4A29-AA17-64404AA32B6D}.Release|x64.Deploy.0 = Release|x64
		{6741800C-5FB6-4A29-AA17-64404AA32B6D}.Release|x86.ActiveCfg = Release|x86
		{6741800C-5FB6-4A29-AA17-64404AA32B6D}.Release|x86.Build.0 = Release|x86
		{6741800C-5FB6-4A29-AA17-64404AA32B6D}.Release|x86.Deploy.0 = Release|x86
		{0A6522C6-0D9D-4DDE-8DA6-54F6E6D98EDE}.Debug|Any CPU.ActiveCfg = Debug|Any CPU
		{0A6522C6-0D9D-4DDE-8DA6-54F6E6D98EDE}.Debug|Any CPU.Build.0 = Debug|Any CPU
		{0A6522C6-0D9D-4DDE-8DA6-54F6E6D98EDE}.Debug|ARM.ActiveCfg = Debug|Any CPU
		{0A6522C6-0D9D-4DDE-8DA6-54F6E6D98EDE}.Debug|ARM.Build.0 = Debug|Any CPU
		{0A6522C6-0D9D-4DDE-8DA6-54F6E6D98EDE}.Debug|x64.ActiveCfg = Debug|Any CPU
		{0A6522C6-0D9D-4DDE-8DA6-54F6E6D98EDE}.Debug|x64.Build.0 = Debug|Any CPU
		{0A6522C6-0D9D-4DDE-8DA6-54F6E6D98EDE}.Debug|x86.ActiveCfg = Debug|Any CPU
		{0A6522C6-0D9D-4DDE-8DA6-54F6E6D98EDE}.Debug|x86.Build.0 = Debug|Any CPU
		{0A6522C6-0D9D-4DDE-8DA6-54F6E6D98EDE}.GameOnly|Any CPU.ActiveCfg = GameOnly|Any CPU
		{0A6522C6-0D9D-4DDE-8DA6-54F6E6D98EDE}.GameOnly|Any CPU.Build.0 = GameOnly|Any CPU
		{0A6522C6-0D9D-4DDE-8DA6-54F6E6D98EDE}.GameOnly|ARM.ActiveCfg = GameOnly|Any CPU
		{0A6522C6-0D9D-4DDE-8DA6-54F6E6D98EDE}.GameOnly|ARM.Build.0 = GameOnly|Any CPU
		{0A6522C6-0D9D-4DDE-8DA6-54F6E6D98EDE}.GameOnly|x64.ActiveCfg = GameOnly|Any CPU
		{0A6522C6-0D9D-4DDE-8DA6-54F6E6D98EDE}.GameOnly|x64.Build.0 = GameOnly|Any CPU
		{0A6522C6-0D9D-4DDE-8DA6-54F6E6D98EDE}.GameOnly|x86.ActiveCfg = GameOnly|Any CPU
		{0A6522C6-0D9D-4DDE-8DA6-54F6E6D98EDE}.GameOnly|x86.Build.0 = GameOnly|Any CPU
		{0A6522C6-0D9D-4DDE-8DA6-54F6E6D98EDE}.Release|Any CPU.ActiveCfg = Release|Any CPU
		{0A6522C6-0D9D-4DDE-8DA6-54F6E6D98EDE}.Release|Any CPU.Build.0 = Release|Any CPU
		{0A6522C6-0D9D-4DDE-8DA6-54F6E6D98EDE}.Release|ARM.ActiveCfg = Release|Any CPU
		{0A6522C6-0D9D-4DDE-8DA6-54F6E6D98EDE}.Release|ARM.Build.0 = Release|Any CPU
		{0A6522C6-0D9D-4DDE-8DA6-54F6E6D98EDE}.Release|x64.ActiveCfg = Release|Any CPU
		{0A6522C6-0D9D-4DDE-8DA6-54F6E6D98EDE}.Release|x64.Build.0 = Release|Any CPU
		{0A6522C6-0D9D-4DDE-8DA6-54F6E6D98EDE}.Release|x86.ActiveCfg = Release|Any CPU
		{0A6522C6-0D9D-4DDE-8DA6-54F6E6D98EDE}.Release|x86.Build.0 = Release|Any CPU
		{DC74879A-CBFA-4C69-8003-D03476D04172}.Debug|Any CPU.ActiveCfg = Debug|Any CPU
		{DC74879A-CBFA-4C69-8003-D03476D04172}.Debug|Any CPU.Build.0 = Debug|Any CPU
		{DC74879A-CBFA-4C69-8003-D03476D04172}.Debug|ARM.ActiveCfg = Debug|Any CPU
		{DC74879A-CBFA-4C69-8003-D03476D04172}.Debug|ARM.Build.0 = Debug|Any CPU
		{DC74879A-CBFA-4C69-8003-D03476D04172}.Debug|x64.ActiveCfg = Debug|Any CPU
		{DC74879A-CBFA-4C69-8003-D03476D04172}.Debug|x64.Build.0 = Debug|Any CPU
		{DC74879A-CBFA-4C69-8003-D03476D04172}.Debug|x86.ActiveCfg = Debug|Any CPU
		{DC74879A-CBFA-4C69-8003-D03476D04172}.Debug|x86.Build.0 = Debug|Any CPU
		{DC74879A-CBFA-4C69-8003-D03476D04172}.GameOnly|Any CPU.ActiveCfg = Debug|Any CPU
		{DC74879A-CBFA-4C69-8003-D03476D04172}.GameOnly|Any CPU.Build.0 = Debug|Any CPU
		{DC74879A-CBFA-4C69-8003-D03476D04172}.GameOnly|ARM.ActiveCfg = Debug|Any CPU
		{DC74879A-CBFA-4C69-8003-D03476D04172}.GameOnly|ARM.Build.0 = Debug|Any CPU
		{DC74879A-CBFA-4C69-8003-D03476D04172}.GameOnly|x64.ActiveCfg = Debug|Any CPU
		{DC74879A-CBFA-4C69-8003-D03476D04172}.GameOnly|x64.Build.0 = Debug|Any CPU
		{DC74879A-CBFA-4C69-8003-D03476D04172}.GameOnly|x86.ActiveCfg = Debug|Any CPU
		{DC74879A-CBFA-4C69-8003-D03476D04172}.GameOnly|x86.Build.0 = Debug|Any CPU
		{DC74879A-CBFA-4C69-8003-D03476D04172}.Release|Any CPU.ActiveCfg = Release|Any CPU
		{DC74879A-CBFA-4C69-8003-D03476D04172}.Release|Any CPU.Build.0 = Release|Any CPU
		{DC74879A-CBFA-4C69-8003-D03476D04172}.Release|ARM.ActiveCfg = Release|Any CPU
		{DC74879A-CBFA-4C69-8003-D03476D04172}.Release|ARM.Build.0 = Release|Any CPU
		{DC74879A-CBFA-4C69-8003-D03476D04172}.Release|x64.ActiveCfg = Release|Any CPU
		{DC74879A-CBFA-4C69-8003-D03476D04172}.Release|x64.Build.0 = Release|Any CPU
		{DC74879A-CBFA-4C69-8003-D03476D04172}.Release|x86.ActiveCfg = Release|Any CPU
		{DC74879A-CBFA-4C69-8003-D03476D04172}.Release|x86.Build.0 = Release|Any CPU
		{F618D249-E66E-4F94-9DC5-F9ABD9FB4011}.Debug|Any CPU.ActiveCfg = Debug|Any CPU
		{F618D249-E66E-4F94-9DC5-F9ABD9FB4011}.Debug|Any CPU.Build.0 = Debug|Any CPU
		{F618D249-E66E-4F94-9DC5-F9ABD9FB4011}.Debug|ARM.ActiveCfg = Debug|Any CPU
		{F618D249-E66E-4F94-9DC5-F9ABD9FB4011}.Debug|ARM.Build.0 = Debug|Any CPU
		{F618D249-E66E-4F94-9DC5-F9ABD9FB4011}.Debug|x64.ActiveCfg = Debug|Any CPU
		{F618D249-E66E-4F94-9DC5-F9ABD9FB4011}.Debug|x64.Build.0 = Debug|Any CPU
		{F618D249-E66E-4F94-9DC5-F9ABD9FB4011}.Debug|x86.ActiveCfg = Debug|Any CPU
		{F618D249-E66E-4F94-9DC5-F9ABD9FB4011}.Debug|x86.Build.0 = Debug|Any CPU
		{F618D249-E66E-4F94-9DC5-F9ABD9FB4011}.GameOnly|Any CPU.ActiveCfg = Debug|Any CPU
		{F618D249-E66E-4F94-9DC5-F9ABD9FB4011}.GameOnly|Any CPU.Build.0 = Debug|Any CPU
		{F618D249-E66E-4F94-9DC5-F9ABD9FB4011}.GameOnly|ARM.ActiveCfg = Debug|Any CPU
		{F618D249-E66E-4F94-9DC5-F9ABD9FB4011}.GameOnly|ARM.Build.0 = Debug|Any CPU
		{F618D249-E66E-4F94-9DC5-F9ABD9FB4011}.GameOnly|x64.ActiveCfg = Debug|Any CPU
		{F618D249-E66E-4F94-9DC5-F9ABD9FB4011}.GameOnly|x64.Build.0 = Debug|Any CPU
		{F618D249-E66E-4F94-9DC5-F9ABD9FB4011}.GameOnly|x86.ActiveCfg = Debug|Any CPU
		{F618D249-E66E-4F94-9DC5-F9ABD9FB4011}.GameOnly|x86.Build.0 = Debug|Any CPU
		{F618D249-E66E-4F94-9DC5-F9ABD9FB4011}.Release|Any CPU.ActiveCfg = Release|Any CPU
		{F618D249-E66E-4F94-9DC5-F9ABD9FB4011}.Release|Any CPU.Build.0 = Release|Any CPU
		{F618D249-E66E-4F94-9DC5-F9ABD9FB4011}.Release|ARM.ActiveCfg = Release|Any CPU
		{F618D249-E66E-4F94-9DC5-F9ABD9FB4011}.Release|ARM.Build.0 = Release|Any CPU
		{F618D249-E66E-4F94-9DC5-F9ABD9FB4011}.Release|x64.ActiveCfg = Release|Any CPU
		{F618D249-E66E-4F94-9DC5-F9ABD9FB4011}.Release|x64.Build.0 = Release|Any CPU
		{F618D249-E66E-4F94-9DC5-F9ABD9FB4011}.Release|x86.ActiveCfg = Release|Any CPU
		{F618D249-E66E-4F94-9DC5-F9ABD9FB4011}.Release|x86.Build.0 = Release|Any CPU
		{CDBCEB39-23D1-48AB-8C75-7BCF57BB552A}.Debug|Any CPU.ActiveCfg = Debug|Any CPU
		{CDBCEB39-23D1-48AB-8C75-7BCF57BB552A}.Debug|Any CPU.Build.0 = Debug|Any CPU
		{CDBCEB39-23D1-48AB-8C75-7BCF57BB552A}.Debug|ARM.ActiveCfg = Debug|Any CPU
		{CDBCEB39-23D1-48AB-8C75-7BCF57BB552A}.Debug|ARM.Build.0 = Debug|Any CPU
		{CDBCEB39-23D1-48AB-8C75-7BCF57BB552A}.Debug|x64.ActiveCfg = Debug|Any CPU
		{CDBCEB39-23D1-48AB-8C75-7BCF57BB552A}.Debug|x64.Build.0 = Debug|Any CPU
		{CDBCEB39-23D1-48AB-8C75-7BCF57BB552A}.Debug|x86.ActiveCfg = Debug|Any CPU
		{CDBCEB39-23D1-48AB-8C75-7BCF57BB552A}.Debug|x86.Build.0 = Debug|Any CPU
		{CDBCEB39-23D1-48AB-8C75-7BCF57BB552A}.GameOnly|Any CPU.ActiveCfg = Debug|Any CPU
		{CDBCEB39-23D1-48AB-8C75-7BCF57BB552A}.GameOnly|Any CPU.Build.0 = Debug|Any CPU
		{CDBCEB39-23D1-48AB-8C75-7BCF57BB552A}.GameOnly|ARM.ActiveCfg = Debug|Any CPU
		{CDBCEB39-23D1-48AB-8C75-7BCF57BB552A}.GameOnly|ARM.Build.0 = Debug|Any CPU
		{CDBCEB39-23D1-48AB-8C75-7BCF57BB552A}.GameOnly|x64.ActiveCfg = Debug|Any CPU
		{CDBCEB39-23D1-48AB-8C75-7BCF57BB552A}.GameOnly|x64.Build.0 = Debug|Any CPU
		{CDBCEB39-23D1-48AB-8C75-7BCF57BB552A}.GameOnly|x86.ActiveCfg = Debug|Any CPU
		{CDBCEB39-23D1-48AB-8C75-7BCF57BB552A}.GameOnly|x86.Build.0 = Debug|Any CPU
		{CDBCEB39-23D1-48AB-8C75-7BCF57BB552A}.Release|Any CPU.ActiveCfg = Release|Any CPU
		{CDBCEB39-23D1-48AB-8C75-7BCF57BB552A}.Release|Any CPU.Build.0 = Release|Any CPU
		{CDBCEB39-23D1-48AB-8C75-7BCF57BB552A}.Release|ARM.ActiveCfg = Release|Any CPU
		{CDBCEB39-23D1-48AB-8C75-7BCF57BB552A}.Release|ARM.Build.0 = Release|Any CPU
		{CDBCEB39-23D1-48AB-8C75-7BCF57BB552A}.Release|x64.ActiveCfg = Release|Any CPU
		{CDBCEB39-23D1-48AB-8C75-7BCF57BB552A}.Release|x64.Build.0 = Release|Any CPU
		{CDBCEB39-23D1-48AB-8C75-7BCF57BB552A}.Release|x86.ActiveCfg = Release|Any CPU
		{CDBCEB39-23D1-48AB-8C75-7BCF57BB552A}.Release|x86.Build.0 = Release|Any CPU
	EndGlobalSection
	GlobalSection(SolutionProperties) = preSolution
		HideSolutionNode = FALSE
	EndGlobalSection
	GlobalSection(ExtensibilityGlobals) = postSolution
		SolutionGuid = {94B6BDEE-9CFA-40E2-B185-12BB15273AA9}
	EndGlobalSection
EndGlobal
