
Microsoft Visual Studio Solution File, Format Version 12.00
# Visual Studio 14
VisualStudioVersion = 14.0.23107.0
MinimumVisualStudioVersion = 10.0.40219.1
Project("{FAE04EC0-301F-11D3-BF4B-00C04F79EFBC}") = "BattleMech.UWP", "BattleMech.UWP\BattleMech.UWP.csproj", "{6741800C-5FB6-4A29-AA17-64404AA32B6D}"
EndProject
Project("{FAE04EC0-301F-11D3-BF4B-00C04F79EFBC}") = "BattleMech.PCL", "BattleMech.PCL\BattleMech.PCL.csproj", "{52928FB5-FF01-4E44-B330-3816A5E77C47}"
EndProject
Project("{FAE04EC0-301F-11D3-BF4B-00C04F79EFBC}") = "BattleMech.WebAPI", "BattleMech.WebAPI\BattleMech.WebAPI.csproj", "{0A6522C6-0D9D-4DDE-8DA6-54F6E6D98EDE}"
EndProject
Project("{FAE04EC0-301F-11D3-BF4B-00C04F79EFBC}") = "BattleMech.WebAPI.PCL", "BattleMech.WebAPI.PCL\BattleMech.WebAPI.PCL.csproj", "{270EEDBB-64DB-4372-9594-251337CC81D1}"
EndProject
Project("{FAE04EC0-301F-11D3-BF4B-00C04F79EFBC}") = "BattleMech.DataLayer", "BattleMech.DataLayer\BattleMech.DataLayer.csproj", "{DB6DB693-561F-42D3-8B28-A848F618C9A9}"
EndProject
Project("{FAE04EC0-301F-11D3-BF4B-00C04F79EFBC}") = "BattleMech.DataLayer.PCL", "BattleMech.DataLayer.PCL\BattleMech.DataLayer.PCL.csproj", "{93CE6A5A-B4DC-4158-8C72-F80DE9FD0396}"
EndProject
Global
	GlobalSection(SolutionConfigurationPlatforms) = preSolution
		Debug|Any CPU = Debug|Any CPU
		Debug|ARM = Debug|ARM
		Debug|x64 = Debug|x64
		Debug|x86 = Debug|x86
		GameOnly|Any CPU = GameOnly|Any CPU
		GameOnly|ARM = GameOnly|ARM
		GameOnly|x64 = GameOnly|x64
		GameOnly|x86 = GameOnly|x86
		Release|Any CPU = Release|Any CPU
		Release|ARM = Release|ARM
		Release|x64 = Release|x64
		Release|x86 = Release|x86
	EndGlobalSection
	GlobalSection(ProjectConfigurationPlatforms) = postSolution
		{6741800C-5FB6-4A29-AA17-64404AA32B6D}.Debug|Any CPU.ActiveCfg = Debug|x86
		{6741800C-5FB6-4A29-AA17-64404AA32B6D}.Debug|Any CPU.Build.0 = Debug|x86
		{6741800C-5FB6-4A29-AA17-64404AA32B6D}.Debug|Any CPU.Deploy.0 = Debug|x86
		{6741800C-5FB6-4A29-AA17-64404AA32B6D}.Debug|ARM.ActiveCfg = Debug|ARM
		{6741800C-5FB6-4A29-AA17-64404AA32B6D}.Debug|ARM.Build.0 = Debug|ARM
		{6741800C-5FB6-4A29-AA17-64404AA32B6D}.Debug|ARM.Deploy.0 = Debug|ARM
		{6741800C-5FB6-4A29-AA17-64404AA32B6D}.Debug|x64.ActiveCfg = Debug|x64
		{6741800C-5FB6-4A29-AA17-64404AA32B6D}.Debug|x64.Build.0 = Debug|x64
		{6741800C-5FB6-4A29-AA17-64404AA32B6D}.Debug|x64.Deploy.0 = Debug|x64
		{6741800C-5FB6-4A29-AA17-64404AA32B6D}.Debug|x86.ActiveCfg = Debug|x86
		{6741800C-5FB6-4A29-AA17-64404AA32B6D}.Debug|x86.Build.0 = Debug|x86
		{6741800C-5FB6-4A29-AA17-64404AA32B6D}.Debug|x86.Deploy.0 = Debug|x86
		{6741800C-5FB6-4A29-AA17-64404AA32B6D}.GameOnly|Any CPU.ActiveCfg = GameOnly|x86
		{6741800C-5FB6-4A29-AA17-64404AA32B6D}.GameOnly|ARM.ActiveCfg = GameOnly|ARM
		{6741800C-5FB6-4A29-AA17-64404AA32B6D}.GameOnly|ARM.Build.0 = GameOnly|ARM
		{6741800C-5FB6-4A29-AA17-64404AA32B6D}.GameOnly|ARM.Deploy.0 = GameOnly|ARM
		{6741800C-5FB6-4A29-AA17-64404AA32B6D}.GameOnly|x64.ActiveCfg = GameOnly|x64
		{6741800C-5FB6-4A29-AA17-64404AA32B6D}.GameOnly|x64.Build.0 = GameOnly|x64
		{6741800C-5FB6-4A29-AA17-64404AA32B6D}.GameOnly|x64.Deploy.0 = GameOnly|x64
		{6741800C-5FB6-4A29-AA17-64404AA32B6D}.GameOnly|x86.ActiveCfg = GameOnly|x86
		{6741800C-5FB6-4A29-AA17-64404AA32B6D}.GameOnly|x86.Build.0 = GameOnly|x86
		{6741800C-5FB6-4A29-AA17-64404AA32B6D}.GameOnly|x86.Deploy.0 = GameOnly|x86
		{6741800C-5FB6-4A29-AA17-64404AA32B6D}.Release|Any CPU.ActiveCfg = Release|x86
		{6741800C-5FB6-4A29-AA17-64404AA32B6D}.Release|ARM.ActiveCfg = Release|ARM
		{6741800C-5FB6-4A29-AA17-64404AA32B6D}.Release|ARM.Build.0 = Release|ARM
		{6741800C-5FB6-4A29-AA17-64404AA32B6D}.Release|ARM.Deploy.0 = Release|ARM
		{6741800C-5FB6-4A29-AA17-64404AA32B6D}.Release|x64.ActiveCfg = Release|x64
		{6741800C-5FB6-4A29-AA17-64404AA32B6D}.Release|x64.Build.0 = Release|x64
		{6741800C-5FB6-4A29-AA17-64404AA32B6D}.Release|x64.Deploy.0 = Release|x64
		{6741800C-5FB6-4A29-AA17-64404AA32B6D}.Release|x86.ActiveCfg = Release|x86
		{6741800C-5FB6-4A29-AA17-64404AA32B6D}.Release|x86.Build.0 = Release|x86
		{6741800C-5FB6-4A29-AA17-64404AA32B6D}.Release|x86.Deploy.0 = Release|x86
		{52928FB5-FF01-4E44-B330-3816A5E77C47}.Debug|Any CPU.ActiveCfg = Debug|Any CPU
		{52928FB5-FF01-4E44-B330-3816A5E77C47}.Debug|Any CPU.Build.0 = Debug|Any CPU
		{52928FB5-FF01-4E44-B330-3816A5E77C47}.Debug|ARM.ActiveCfg = Debug|Any CPU
		{52928FB5-FF01-4E44-B330-3816A5E77C47}.Debug|ARM.Build.0 = Debug|Any CPU
		{52928FB5-FF01-4E44-B330-3816A5E77C47}.Debug|x64.ActiveCfg = Debug|Any CPU
		{52928FB5-FF01-4E44-B330-3816A5E77C47}.Debug|x64.Build.0 = Debug|Any CPU
		{52928FB5-FF01-4E44-B330-3816A5E77C47}.Debug|x86.ActiveCfg = Debug|Any CPU
		{52928FB5-FF01-4E44-B330-3816A5E77C47}.Debug|x86.Build.0 = Debug|Any CPU
		{52928FB5-FF01-4E44-B330-3816A5E77C47}.GameOnly|Any CPU.ActiveCfg = GameOnly|Any CPU
		{52928FB5-FF01-4E44-B330-3816A5E77C47}.GameOnly|Any CPU.Build.0 = GameOnly|Any CPU
		{52928FB5-FF01-4E44-B330-3816A5E77C47}.GameOnly|ARM.ActiveCfg = GameOnly|Any CPU
		{52928FB5-FF01-4E44-B330-3816A5E77C47}.GameOnly|ARM.Build.0 = GameOnly|Any CPU
		{52928FB5-FF01-4E44-B330-3816A5E77C47}.GameOnly|x64.ActiveCfg = GameOnly|Any CPU
		{52928FB5-FF01-4E44-B330-3816A5E77C47}.GameOnly|x64.Build.0 = GameOnly|Any CPU
		{52928FB5-FF01-4E44-B330-3816A5E77C47}.GameOnly|x86.ActiveCfg = GameOnly|Any CPU
		{52928FB5-FF01-4E44-B330-3816A5E77C47}.GameOnly|x86.Build.0 = GameOnly|Any CPU
		{52928FB5-FF01-4E44-B330-3816A5E77C47}.Release|Any CPU.ActiveCfg = Release|Any CPU
		{52928FB5-FF01-4E44-B330-3816A5E77C47}.Release|Any CPU.Build.0 = Release|Any CPU
		{52928FB5-FF01-4E44-B330-3816A5E77C47}.Release|ARM.ActiveCfg = Release|Any CPU
		{52928FB5-FF01-4E44-B330-3816A5E77C47}.Release|ARM.Build.0 = Release|Any CPU
		{52928FB5-FF01-4E44-B330-3816A5E77C47}.Release|x64.ActiveCfg = Release|Any CPU
		{52928FB5-FF01-4E44-B330-3816A5E77C47}.Release|x64.Build.0 = Release|Any CPU
		{52928FB5-FF01-4E44-B330-3816A5E77C47}.Release|x86.ActiveCfg = Release|Any CPU
		{52928FB5-FF01-4E44-B330-3816A5E77C47}.Release|x86.Build.0 = Release|Any CPU
		{0A6522C6-0D9D-4DDE-8DA6-54F6E6D98EDE}.Debug|Any CPU.ActiveCfg = Debug|Any CPU
		{0A6522C6-0D9D-4DDE-8DA6-54F6E6D98EDE}.Debug|Any CPU.Build.0 = Debug|Any CPU
		{0A6522C6-0D9D-4DDE-8DA6-54F6E6D98EDE}.Debug|ARM.ActiveCfg = Debug|Any CPU
		{0A6522C6-0D9D-4DDE-8DA6-54F6E6D98EDE}.Debug|ARM.Build.0 = Debug|Any CPU
		{0A6522C6-0D9D-4DDE-8DA6-54F6E6D98EDE}.Debug|x64.ActiveCfg = Debug|Any CPU
		{0A6522C6-0D9D-4DDE-8DA6-54F6E6D98EDE}.Debug|x64.Build.0 = Debug|Any CPU
		{0A6522C6-0D9D-4DDE-8DA6-54F6E6D98EDE}.Debug|x86.ActiveCfg = Debug|Any CPU
		{0A6522C6-0D9D-4DDE-8DA6-54F6E6D98EDE}.Debug|x86.Build.0 = Debug|Any CPU
		{0A6522C6-0D9D-4DDE-8DA6-54F6E6D98EDE}.GameOnly|Any CPU.ActiveCfg = GameOnly|Any CPU
		{0A6522C6-0D9D-4DDE-8DA6-54F6E6D98EDE}.GameOnly|Any CPU.Build.0 = GameOnly|Any CPU
		{0A6522C6-0D9D-4DDE-8DA6-54F6E6D98EDE}.GameOnly|ARM.ActiveCfg = GameOnly|Any CPU
		{0A6522C6-0D9D-4DDE-8DA6-54F6E6D98EDE}.GameOnly|ARM.Build.0 = GameOnly|Any CPU
		{0A6522C6-0D9D-4DDE-8DA6-54F6E6D98EDE}.GameOnly|x64.ActiveCfg = GameOnly|Any CPU
		{0A6522C6-0D9D-4DDE-8DA6-54F6E6D98EDE}.GameOnly|x64.Build.0 = GameOnly|Any CPU
		{0A6522C6-0D9D-4DDE-8DA6-54F6E6D98EDE}.GameOnly|x86.ActiveCfg = GameOnly|Any CPU
		{0A6522C6-0D9D-4DDE-8DA6-54F6E6D98EDE}.GameOnly|x86.Build.0 = GameOnly|Any CPU
		{0A6522C6-0D9D-4DDE-8DA6-54F6E6D98EDE}.Release|Any CPU.ActiveCfg = Release|Any CPU
		{0A6522C6-0D9D-4DDE-8DA6-54F6E6D98EDE}.Release|Any CPU.Build.0 = Release|Any CPU
		{0A6522C6-0D9D-4DDE-8DA6-54F6E6D98EDE}.Release|ARM.ActiveCfg = Release|Any CPU
		{0A6522C6-0D9D-4DDE-8DA6-54F6E6D98EDE}.Release|ARM.Build.0 = Release|Any CPU
		{0A6522C6-0D9D-4DDE-8DA6-54F6E6D98EDE}.Release|x64.ActiveCfg = Release|Any CPU
		{0A6522C6-0D9D-4DDE-8DA6-54F6E6D98EDE}.Release|x64.Build.0 = Release|Any CPU
		{0A6522C6-0D9D-4DDE-8DA6-54F6E6D98EDE}.Release|x86.ActiveCfg = Release|Any CPU
		{0A6522C6-0D9D-4DDE-8DA6-54F6E6D98EDE}.Release|x86.Build.0 = Release|Any CPU
		{270EEDBB-64DB-4372-9594-251337CC81D1}.Debug|Any CPU.ActiveCfg = Debug|Any CPU
		{270EEDBB-64DB-4372-9594-251337CC81D1}.Debug|Any CPU.Build.0 = Debug|Any CPU
		{270EEDBB-64DB-4372-9594-251337CC81D1}.Debug|ARM.ActiveCfg = Debug|Any CPU
		{270EEDBB-64DB-4372-9594-251337CC81D1}.Debug|ARM.Build.0 = Debug|Any CPU
		{270EEDBB-64DB-4372-9594-251337CC81D1}.Debug|x64.ActiveCfg = Debug|Any CPU
		{270EEDBB-64DB-4372-9594-251337CC81D1}.Debug|x64.Build.0 = Debug|Any CPU
		{270EEDBB-64DB-4372-9594-251337CC81D1}.Debug|x86.ActiveCfg = Debug|Any CPU
		{270EEDBB-64DB-4372-9594-251337CC81D1}.Debug|x86.Build.0 = Debug|Any CPU
		{270EEDBB-64DB-4372-9594-251337CC81D1}.GameOnly|Any CPU.ActiveCfg = GameOnly|Any CPU
		{270EEDBB-64DB-4372-9594-251337CC81D1}.GameOnly|Any CPU.Build.0 = GameOnly|Any CPU
		{270EEDBB-64DB-4372-9594-251337CC81D1}.GameOnly|ARM.ActiveCfg = GameOnly|Any CPU
		{270EEDBB-64DB-4372-9594-251337CC81D1}.GameOnly|ARM.Build.0 = GameOnly|Any CPU
		{270EEDBB-64DB-4372-9594-251337CC81D1}.GameOnly|x64.ActiveCfg = GameOnly|Any CPU
		{270EEDBB-64DB-4372-9594-251337CC81D1}.GameOnly|x64.Build.0 = GameOnly|Any CPU
		{270EEDBB-64DB-4372-9594-251337CC81D1}.GameOnly|x86.ActiveCfg = GameOnly|Any CPU
		{270EEDBB-64DB-4372-9594-251337CC81D1}.GameOnly|x86.Build.0 = GameOnly|Any CPU
		{270EEDBB-64DB-4372-9594-251337CC81D1}.Release|Any CPU.ActiveCfg = Release|Any CPU
		{270EEDBB-64DB-4372-9594-251337CC81D1}.Release|Any CPU.Build.0 = Release|Any CPU
		{270EEDBB-64DB-4372-9594-251337CC81D1}.Release|ARM.ActiveCfg = Release|Any CPU
		{270EEDBB-64DB-4372-9594-251337CC81D1}.Release|ARM.Build.0 = Release|Any CPU
		{270EEDBB-64DB-4372-9594-251337CC81D1}.Release|x64.ActiveCfg = Release|Any CPU
		{270EEDBB-64DB-4372-9594-251337CC81D1}.Release|x64.Build.0 = Release|Any CPU
		{270EEDBB-64DB-4372-9594-251337CC81D1}.Release|x86.ActiveCfg = Release|Any CPU
		{270EEDBB-64DB-4372-9594-251337CC81D1}.Release|x86.Build.0 = Release|Any CPU
		{DB6DB693-561F-42D3-8B28-A848F618C9A9}.Debug|Any CPU.ActiveCfg = Debug|Any CPU
		{DB6DB693-561F-42D3-8B28-A848F618C9A9}.Debug|Any CPU.Build.0 = Debug|Any CPU
		{DB6DB693-561F-42D3-8B28-A848F618C9A9}.Debug|ARM.ActiveCfg = Debug|Any CPU
		{DB6DB693-561F-42D3-8B28-A848F618C9A9}.Debug|ARM.Build.0 = Debug|Any CPU
		{DB6DB693-561F-42D3-8B28-A848F618C9A9}.Debug|x64.ActiveCfg = Debug|Any CPU
		{DB6DB693-561F-42D3-8B28-A848F618C9A9}.Debug|x64.Build.0 = Debug|Any CPU
		{DB6DB693-561F-42D3-8B28-A848F618C9A9}.Debug|x86.ActiveCfg = Debug|Any CPU
		{DB6DB693-561F-42D3-8B28-A848F618C9A9}.Debug|x86.Build.0 = Debug|Any CPU
		{DB6DB693-561F-42D3-8B28-A848F618C9A9}.GameOnly|Any CPU.ActiveCfg = GameOnly|Any CPU
		{DB6DB693-561F-42D3-8B28-A848F618C9A9}.GameOnly|Any CPU.Build.0 = GameOnly|Any CPU
		{DB6DB693-561F-42D3-8B28-A848F618C9A9}.GameOnly|ARM.ActiveCfg = GameOnly|Any CPU
		{DB6DB693-561F-42D3-8B28-A848F618C9A9}.GameOnly|ARM.Build.0 = GameOnly|Any CPU
		{DB6DB693-561F-42D3-8B28-A848F618C9A9}.GameOnly|x64.ActiveCfg = GameOnly|Any CPU
		{DB6DB693-561F-42D3-8B28-A848F618C9A9}.GameOnly|x64.Build.0 = GameOnly|Any CPU
		{DB6DB693-561F-42D3-8B28-A848F618C9A9}.GameOnly|x86.ActiveCfg = GameOnly|Any CPU
		{DB6DB693-561F-42D3-8B28-A848F618C9A9}.GameOnly|x86.Build.0 = GameOnly|Any CPU
		{DB6DB693-561F-42D3-8B28-A848F618C9A9}.Release|Any CPU.ActiveCfg = Release|Any CPU
		{DB6DB693-561F-42D3-8B28-A848F618C9A9}.Release|Any CPU.Build.0 = Release|Any CPU
		{DB6DB693-561F-42D3-8B28-A848F618C9A9}.Release|ARM.ActiveCfg = Release|Any CPU
		{DB6DB693-561F-42D3-8B28-A848F618C9A9}.Release|ARM.Build.0 = Release|Any CPU
		{DB6DB693-561F-42D3-8B28-A848F618C9A9}.Release|x64.ActiveCfg = Release|Any CPU
		{DB6DB693-561F-42D3-8B28-A848F618C9A9}.Release|x64.Build.0 = Release|Any CPU
		{DB6DB693-561F-42D3-8B28-A848F618C9A9}.Release|x86.ActiveCfg = Release|Any CPU
		{DB6DB693-561F-42D3-8B28-A848F618C9A9}.Release|x86.Build.0 = Release|Any CPU
		{93CE6A5A-B4DC-4158-8C72-F80DE9FD0396}.Debug|Any CPU.ActiveCfg = Debug|Any CPU
		{93CE6A5A-B4DC-4158-8C72-F80DE9FD0396}.Debug|Any CPU.Build.0 = Debug|Any CPU
		{93CE6A5A-B4DC-4158-8C72-F80DE9FD0396}.Debug|ARM.ActiveCfg = Debug|Any CPU
		{93CE6A5A-B4DC-4158-8C72-F80DE9FD0396}.Debug|ARM.Build.0 = Debug|Any CPU
		{93CE6A5A-B4DC-4158-8C72-F80DE9FD0396}.Debug|x64.ActiveCfg = Debug|Any CPU
		{93CE6A5A-B4DC-4158-8C72-F80DE9FD0396}.Debug|x64.Build.0 = Debug|Any CPU
		{93CE6A5A-B4DC-4158-8C72-F80DE9FD0396}.Debug|x86.ActiveCfg = Debug|Any CPU
		{93CE6A5A-B4DC-4158-8C72-F80DE9FD0396}.Debug|x86.Build.0 = Debug|Any CPU
		{93CE6A5A-B4DC-4158-8C72-F80DE9FD0396}.GameOnly|Any CPU.ActiveCfg = GameOnly|Any CPU
		{93CE6A5A-B4DC-4158-8C72-F80DE9FD0396}.GameOnly|Any CPU.Build.0 = GameOnly|Any CPU
		{93CE6A5A-B4DC-4158-8C72-F80DE9FD0396}.GameOnly|ARM.ActiveCfg = GameOnly|Any CPU
		{93CE6A5A-B4DC-4158-8C72-F80DE9FD0396}.GameOnly|ARM.Build.0 = GameOnly|Any CPU
		{93CE6A5A-B4DC-4158-8C72-F80DE9FD0396}.GameOnly|x64.ActiveCfg = GameOnly|Any CPU
		{93CE6A5A-B4DC-4158-8C72-F80DE9FD0396}.GameOnly|x64.Build.0 = GameOnly|Any CPU
		{93CE6A5A-B4DC-4158-8C72-F80DE9FD0396}.GameOnly|x86.ActiveCfg = GameOnly|Any CPU
		{93CE6A5A-B4DC-4158-8C72-F80DE9FD0396}.GameOnly|x86.Build.0 = GameOnly|Any CPU
		{93CE6A5A-B4DC-4158-8C72-F80DE9FD0396}.Release|Any CPU.ActiveCfg = Release|Any CPU
		{93CE6A5A-B4DC-4158-8C72-F80DE9FD0396}.Release|Any CPU.Build.0 = Release|Any CPU
		{93CE6A5A-B4DC-4158-8C72-F80DE9FD0396}.Release|ARM.ActiveCfg = Release|Any CPU
		{93CE6A5A-B4DC-4158-8C72-F80DE9FD0396}.Release|ARM.Build.0 = Release|Any CPU
		{93CE6A5A-B4DC-4158-8C72-F80DE9FD0396}.Release|x64.ActiveCfg = Release|Any CPU
		{93CE6A5A-B4DC-4158-8C72-F80DE9FD0396}.Release|x64.Build.0 = Release|Any CPU
		{93CE6A5A-B4DC-4158-8C72-F80DE9FD0396}.Release|x86.ActiveCfg = Release|Any CPU
		{93CE6A5A-B4DC-4158-8C72-F80DE9FD0396}.Release|x86.Build.0 = Release|Any CPU
	EndGlobalSection
	GlobalSection(SolutionProperties) = preSolution
		HideSolutionNode = FALSE
	EndGlobalSection
EndGlobal
